
Microsoft Visual Studio Solution File, Format Version 12.00
# Visual Studio 15
VisualStudioVersion = 15.0.27703.2035
MinimumVisualStudioVersion = 10.0.40219.1
Project("{FAE04EC0-301F-11D3-BF4B-00C04F79EFBC}") = "Projeto1_LP2", "Projeto1_LP2\Projeto1_LP2.csproj", "{1C81616E-ABE1-4C9B-994E-E4BB53A65AFF}"
EndProject
Global
	GlobalSection(SolutionConfigurationPlatforms) = preSolution
		Debug|Any CPU = Debug|Any CPU
		Release|Any CPU = Release|Any CPU
	EndGlobalSection
	GlobalSection(ProjectConfigurationPlatforms) = postSolution
		{1C81616E-ABE1-4C9B-994E-E4BB53A65AFF}.Debug|Any CPU.ActiveCfg = Debug|Any CPU
		{1C81616E-ABE1-4C9B-994E-E4BB53A65AFF}.Debug|Any CPU.Build.0 = Debug|Any CPU
		{1C81616E-ABE1-4C9B-994E-E4BB53A65AFF}.Release|Any CPU.ActiveCfg = Release|Any CPU
		{1C81616E-ABE1-4C9B-994E-E4BB53A65AFF}.Release|Any CPU.Build.0 = Release|Any CPU
	EndGlobalSection
	GlobalSection(SolutionProperties) = preSolution
		HideSolutionNode = FALSE
	EndGlobalSection
	GlobalSection(ExtensibilityGlobals) = postSolution
		SolutionGuid = {9A1A2C50-16F0-4491-86EA-4852322408D3}
	EndGlobalSection
EndGlobal
